
Microsoft Visual Studio Solution File, Format Version 12.00
# Visual Studio Version 17
VisualStudioVersion = 17.4.33213.308
MinimumVisualStudioVersion = 10.0.40219.1
Project("{FAE04EC0-301F-11D3-BF4B-00C04F79EFBC}") = "08_ConexaoBD", "08_ConexaoBD\08_ConexaoBD.csproj", "{5D4C2544-0D2B-4B2B-9FE4-FA869A1BF38E}"
EndProject
Global
	GlobalSection(SolutionConfigurationPlatforms) = preSolution
		Debug|Any CPU = Debug|Any CPU
		Release|Any CPU = Release|Any CPU
	EndGlobalSection
	GlobalSection(ProjectConfigurationPlatforms) = postSolution
		{5D4C2544-0D2B-4B2B-9FE4-FA869A1BF38E}.Debug|Any CPU.ActiveCfg = Debug|Any CPU
		{5D4C2544-0D2B-4B2B-9FE4-FA869A1BF38E}.Debug|Any CPU.Build.0 = Debug|Any CPU
		{5D4C2544-0D2B-4B2B-9FE4-FA869A1BF38E}.Release|Any CPU.ActiveCfg = Release|Any CPU
		{5D4C2544-0D2B-4B2B-9FE4-FA869A1BF38E}.Release|Any CPU.Build.0 = Release|Any CPU
	EndGlobalSection
	GlobalSection(SolutionProperties) = preSolution
		HideSolutionNode = FALSE
	EndGlobalSection
	GlobalSection(ExtensibilityGlobals) = postSolution
		SolutionGuid = {6EE771C8-E448-40D9-9A42-04AA4781BD52}
	EndGlobalSection
EndGlobal
